
Microsoft Visual Studio Solution File, Format Version 12.00
# Visual Studio Version 17
VisualStudioVersion = 17.0.31903.59
MinimumVisualStudioVersion = 10.0.40219.1
Project("{FAE04EC0-301F-11D3-BF4B-00C04F79EFBC}") = "Diamond.DataSource", "Diamond.DataSource\Diamond.DataSource.csproj", "{0521AB49-0E13-498C-9083-75DB28B658F3}"
EndProject
Project("{FAE04EC0-301F-11D3-BF4B-00C04F79EFBC}") = "ERP.Data", "ERP.Data\ERP.Data.csproj", "{898CD9C9-3F79-4AFD-8862-E7ADDF1BB168}"
EndProject
Project("{FAE04EC0-301F-11D3-BF4B-00C04F79EFBC}") = "ERP.KanBan.API", "ERP.KanBan.API\ERP.KanBan.API.csproj", "{D8E2789A-EFA5-44E6-B0CF-6DF812934DAB}"
EndProject
Project("{FAE04EC0-301F-11D3-BF4B-00C04F79EFBC}") = "ERP.Models.KanBan", "ERP.Models.KanBan\ERP.Models.KanBan.csproj", "{61290CEF-978C-46A3-9102-0314136C1F7E}"
EndProject
Project("{FAE04EC0-301F-11D3-BF4B-00C04F79EFBC}") = "ERP.Models", "ERP.Models\ERP.Models.csproj", "{4C53DCAE-3928-4FD8-B391-6411357D9BC5}"
EndProject
Project("{FAE04EC0-301F-11D3-BF4B-00C04F79EFBC}") = "ERP.Services.KanBan", "ERP.Services.KanBan\ERP.Services.KanBan.csproj", "{32FA77BB-92C9-4F03-83FC-2457E912B0B4}"
EndProject
Project("{FAE04EC0-301F-11D3-BF4B-00C04F79EFBC}") = "ERP.Services", "ERP.Services\ERP.Services.csproj", "{0B491305-373D-4B43-8E1C-7D5E52D440BA}"
EndProject
Global
	GlobalSection(SolutionConfigurationPlatforms) = preSolution
		Debug|Any CPU = Debug|Any CPU
		Debug|x64 = Debug|x64
		Debug|x86 = Debug|x86
		Release|Any CPU = Release|Any CPU
		Release|x64 = Release|x64
		Release|x86 = Release|x86
	EndGlobalSection
	GlobalSection(ProjectConfigurationPlatforms) = postSolution
		{0521AB49-0E13-498C-9083-75DB28B658F3}.Debug|Any CPU.ActiveCfg = Debug|Any CPU
		{0521AB49-0E13-498C-9083-75DB28B658F3}.Debug|Any CPU.Build.0 = Debug|Any CPU
		{0521AB49-0E13-498C-9083-75DB28B658F3}.Debug|x64.ActiveCfg = Debug|Any CPU
		{0521AB49-0E13-498C-9083-75DB28B658F3}.Debug|x64.Build.0 = Debug|Any CPU
		{0521AB49-0E13-498C-9083-75DB28B658F3}.Debug|x86.ActiveCfg = Debug|Any CPU
		{0521AB49-0E13-498C-9083-75DB28B658F3}.Debug|x86.Build.0 = Debug|Any CPU
		{0521AB49-0E13-498C-9083-75DB28B658F3}.Release|Any CPU.ActiveCfg = Release|Any CPU
		{0521AB49-0E13-498C-9083-75DB28B658F3}.Release|Any CPU.Build.0 = Release|Any CPU
		{0521AB49-0E13-498C-9083-75DB28B658F3}.Release|x64.ActiveCfg = Release|Any CPU
		{0521AB49-0E13-498C-9083-75DB28B658F3}.Release|x64.Build.0 = Release|Any CPU
		{0521AB49-0E13-498C-9083-75DB28B658F3}.Release|x86.ActiveCfg = Release|Any CPU
		{0521AB49-0E13-498C-9083-75DB28B658F3}.Release|x86.Build.0 = Release|Any CPU
		{898CD9C9-3F79-4AFD-8862-E7ADDF1BB168}.Debug|Any CPU.ActiveCfg = Debug|Any CPU
		{898CD9C9-3F79-4AFD-8862-E7ADDF1BB168}.Debug|Any CPU.Build.0 = Debug|Any CPU
		{898CD9C9-3F79-4AFD-8862-E7ADDF1BB168}.Debug|x64.ActiveCfg = Debug|Any CPU
		{898CD9C9-3F79-4AFD-8862-E7ADDF1BB168}.Debug|x64.Build.0 = Debug|Any CPU
		{898CD9C9-3F79-4AFD-8862-E7ADDF1BB168}.Debug|x86.ActiveCfg = Debug|Any CPU
		{898CD9C9-3F79-4AFD-8862-E7ADDF1BB168}.Debug|x86.Build.0 = Debug|Any CPU
		{898CD9C9-3F79-4AFD-8862-E7ADDF1BB168}.Release|Any CPU.ActiveCfg = Release|Any CPU
		{898CD9C9-3F79-4AFD-8862-E7ADDF1BB168}.Release|Any CPU.Build.0 = Release|Any CPU
		{898CD9C9-3F79-4AFD-8862-E7ADDF1BB168}.Release|x64.ActiveCfg = Release|Any CPU
		{898CD9C9-3F79-4AFD-8862-E7ADDF1BB168}.Release|x64.Build.0 = Release|Any CPU
		{898CD9C9-3F79-4AFD-8862-E7ADDF1BB168}.Release|x86.ActiveCfg = Release|Any CPU
		{898CD9C9-3F79-4AFD-8862-E7ADDF1BB168}.Release|x86.Build.0 = Release|Any CPU
		{D8E2789A-EFA5-44E6-B0CF-6DF812934DAB}.Debug|Any CPU.ActiveCfg = Debug|Any CPU
		{D8E2789A-EFA5-44E6-B0CF-6DF812934DAB}.Debug|Any CPU.Build.0 = Debug|Any CPU
		{D8E2789A-EFA5-44E6-B0CF-6DF812934DAB}.Debug|x64.ActiveCfg = Debug|Any CPU
		{D8E2789A-EFA5-44E6-B0CF-6DF812934DAB}.Debug|x64.Build.0 = Debug|Any CPU
		{D8E2789A-EFA5-44E6-B0CF-6DF812934DAB}.Debug|x86.ActiveCfg = Debug|Any CPU
		{D8E2789A-EFA5-44E6-B0CF-6DF812934DAB}.Debug|x86.Build.0 = Debug|Any CPU
		{D8E2789A-EFA5-44E6-B0CF-6DF812934DAB}.Release|Any CPU.ActiveCfg = Release|Any CPU
		{D8E2789A-EFA5-44E6-B0CF-6DF812934DAB}.Release|Any CPU.Build.0 = Release|Any CPU
		{D8E2789A-EFA5-44E6-B0CF-6DF812934DAB}.Release|x64.ActiveCfg = Release|Any CPU
		{D8E2789A-EFA5-44E6-B0CF-6DF812934DAB}.Release|x64.Build.0 = Release|Any CPU
		{D8E2789A-EFA5-44E6-B0CF-6DF812934DAB}.Release|x86.ActiveCfg = Release|Any CPU
		{D8E2789A-EFA5-44E6-B0CF-6DF812934DAB}.Release|x86.Build.0 = Release|Any CPU
		{61290CEF-978C-46A3-9102-0314136C1F7E}.Debug|Any CPU.ActiveCfg = Debug|Any CPU
		{61290CEF-978C-46A3-9102-0314136C1F7E}.Debug|Any CPU.Build.0 = Debug|Any CPU
		{61290CEF-978C-46A3-9102-0314136C1F7E}.Debug|x64.ActiveCfg = Debug|Any CPU
		{61290CEF-978C-46A3-9102-0314136C1F7E}.Debug|x64.Build.0 = Debug|Any CPU
		{61290CEF-978C-46A3-9102-0314136C1F7E}.Debug|x86.ActiveCfg = Debug|Any CPU
		{61290CEF-978C-46A3-9102-0314136C1F7E}.Debug|x86.Build.0 = Debug|Any CPU
		{61290CEF-978C-46A3-9102-0314136C1F7E}.Release|Any CPU.ActiveCfg = Release|Any CPU
		{61290CEF-978C-46A3-9102-0314136C1F7E}.Release|Any CPU.Build.0 = Release|Any CPU
		{61290CEF-978C-46A3-9102-0314136C1F7E}.Release|x64.ActiveCfg = Release|Any CPU
		{61290CEF-978C-46A3-9102-0314136C1F7E}.Release|x64.Build.0 = Release|Any CPU
		{61290CEF-978C-46A3-9102-0314136C1F7E}.Release|x86.ActiveCfg = Release|Any CPU
		{61290CEF-978C-46A3-9102-0314136C1F7E}.Release|x86.Build.0 = Release|Any CPU
		{4C53DCAE-3928-4FD8-B391-6411357D9BC5}.Debug|Any CPU.ActiveCfg = Debug|Any CPU
		{4C53DCAE-3928-4FD8-B391-6411357D9BC5}.Debug|Any CPU.Build.0 = Debug|Any CPU
		{4C53DCAE-3928-4FD8-B391-6411357D9BC5}.Debug|x64.ActiveCfg = Debug|Any CPU
		{4C53DCAE-3928-4FD8-B391-6411357D9BC5}.Debug|x64.Build.0 = Debug|Any CPU
		{4C53DCAE-3928-4FD8-B391-6411357D9BC5}.Debug|x86.ActiveCfg = Debug|Any CPU
		{4C53DCAE-3928-4FD8-B391-6411357D9BC5}.Debug|x86.Build.0 = Debug|Any CPU
		{4C53DCAE-3928-4FD8-B391-6411357D9BC5}.Release|Any CPU.ActiveCfg = Release|Any CPU
		{4C53DCAE-3928-4FD8-B391-6411357D9BC5}.Release|Any CPU.Build.0 = Release|Any CPU
		{4C53DCAE-3928-4FD8-B391-6411357D9BC5}.Release|x64.ActiveCfg = Release|Any CPU
		{4C53DCAE-3928-4FD8-B391-6411357D9BC5}.Release|x64.Build.0 = Release|Any CPU
		{4C53DCAE-3928-4FD8-B391-6411357D9BC5}.Release|x86.ActiveCfg = Release|Any CPU
		{4C53DCAE-3928-4FD8-B391-6411357D9BC5}.Release|x86.Build.0 = Release|Any CPU
		{32FA77BB-92C9-4F03-83FC-2457E912B0B4}.Debug|Any CPU.ActiveCfg = Debug|Any CPU
		{32FA77BB-92C9-4F03-83FC-2457E912B0B4}.Debug|Any CPU.Build.0 = Debug|Any CPU
		{32FA77BB-92C9-4F03-83FC-2457E912B0B4}.Debug|x64.ActiveCfg = Debug|Any CPU
		{32FA77BB-92C9-4F03-83FC-2457E912B0B4}.Debug|x64.Build.0 = Debug|Any CPU
		{32FA77BB-92C9-4F03-83FC-2457E912B0B4}.Debug|x86.ActiveCfg = Debug|Any CPU
		{32FA77BB-92C9-4F03-83FC-2457E912B0B4}.Debug|x86.Build.0 = Debug|Any CPU
		{32FA77BB-92C9-4F03-83FC-2457E912B0B4}.Release|Any CPU.ActiveCfg = Release|Any CPU
		{32FA77BB-92C9-4F03-83FC-2457E912B0B4}.Release|Any CPU.Build.0 = Release|Any CPU
		{32FA77BB-92C9-4F03-83FC-2457E912B0B4}.Release|x64.ActiveCfg = Release|Any CPU
		{32FA77BB-92C9-4F03-83FC-2457E912B0B4}.Release|x64.Build.0 = Release|Any CPU
		{32FA77BB-92C9-4F03-83FC-2457E912B0B4}.Release|x86.ActiveCfg = Release|Any CPU
		{32FA77BB-92C9-4F03-83FC-2457E912B0B4}.Release|x86.Build.0 = Release|Any CPU
		{0B491305-373D-4B43-8E1C-7D5E52D440BA}.Debug|Any CPU.ActiveCfg = Debug|Any CPU
		{0B491305-373D-4B43-8E1C-7D5E52D440BA}.Debug|Any CPU.Build.0 = Debug|Any CPU
		{0B491305-373D-4B43-8E1C-7D5E52D440BA}.Debug|x64.ActiveCfg = Debug|Any CPU
		{0B491305-373D-4B43-8E1C-7D5E52D440BA}.Debug|x64.Build.0 = Debug|Any CPU
		{0B491305-373D-4B43-8E1C-7D5E52D440BA}.Debug|x86.ActiveCfg = Debug|Any CPU
		{0B491305-373D-4B43-8E1C-7D5E52D440BA}.Debug|x86.Build.0 = Debug|Any CPU
		{0B491305-373D-4B43-8E1C-7D5E52D440BA}.Release|Any CPU.ActiveCfg = Release|Any CPU
		{0B491305-373D-4B43-8E1C-7D5E52D440BA}.Release|Any CPU.Build.0 = Release|Any CPU
		{0B491305-373D-4B43-8E1C-7D5E52D440BA}.Release|x64.ActiveCfg = Release|Any CPU
		{0B491305-373D-4B43-8E1C-7D5E52D440BA}.Release|x64.Build.0 = Release|Any CPU
		{0B491305-373D-4B43-8E1C-7D5E52D440BA}.Release|x86.ActiveCfg = Release|Any CPU
		{0B491305-373D-4B43-8E1C-7D5E52D440BA}.Release|x86.Build.0 = Release|Any CPU
	EndGlobalSection
	GlobalSection(SolutionProperties) = preSolution
		HideSolutionNode = FALSE
	EndGlobalSection
EndGlobal
